# THIS IS AN AUTOGENERATED FILE. DO NOT EDIT THIS FILE DIRECTLY.
# yarn lockfile v1


"@babel/runtime@^7.10.2":
  version "7.16.5"
  resolved "https://registry.yarnpkg.com/@babel/runtime/-/runtime-7.16.5.tgz#7f3e34bf8bdbbadf03fbb7b1ea0d929569c9487a"
  integrity sha512-TXWihFIS3Pyv5hzR7j6ihmeLkZfrXGxAr5UfSl8CHf+6q/wpiYDkUau0czckpYG8QmnCIuPpdLtuA9VmuGGyMA==
  dependencies:
    regenerator-runtime "^0.13.4"

"@ucloud-fe/mod@^1":
  version "1.2.1"
  resolved "https://registry.yarnpkg.com/@ucloud-fe/mod/-/mod-1.2.1.tgz#50531e816cceab1e89d2037b83055da088c9a90d"
  integrity sha512-eAS0muvtEpyzrAhN1zqakroA/uVXAQxA486fdXmAe04DLNkZ5nlEQ8D2KAhEU+MMQjFKKl9o0scgoelB4iEMyQ==
  dependencies:
    "@babel/runtime" "^7.10.2"
    core-js "^3.6.5"

core-js@^3.6.5:
  version "3.20.0"
  resolved "https://registry.yarnpkg.com/core-js/-/core-js-3.20.0.tgz#1c5ac07986b8d15473ab192e45a2e115a4a95b79"
  integrity sha512-KjbKU7UEfg4YPpskMtMXPhUKn7m/1OdTHTVjy09ScR2LVaoUXe8Jh0UdvN2EKUR6iKTJph52SJP95mAB0MnVLQ==

regenerator-runtime@^0.13.4:
  version "0.13.9"
  resolved "https://registry.yarnpkg.com/regenerator-runtime/-/regenerator-runtime-0.13.9.tgz#8925742a98ffd90814988d7566ad30ca3b263b52"
  integrity sha512-p3VT+cOEgxFsRRA9X4lkI1E+k2/CtnKtU4gcxyaCUreilL/vqI6CdZ3wxVUx3UOUg+gnUOQQcRI7BmSI656MYA==
