# THIS IS AN AUTOGENERATED FILE. DO NOT EDIT THIS FILE DIRECTLY.
# yarn lockfile v1


"@babel/runtime@^7.10.2":
  "integrity" "sha512-TXWihFIS3Pyv5hzR7j6ihmeLkZfrXGxAr5UfSl8CHf+6q/wpiYDkUau0czckpYG8QmnCIuPpdLtuA9VmuGGyMA=="
  "resolved" "https://registry.npmjs.org/@babel/runtime/-/runtime-7.16.5.tgz"
  "version" "7.16.5"
  dependencies:
    "regenerator-runtime" "^0.13.4"

"@ucloud-fe/mod@^1":
  "integrity" "sha512-eAS0muvtEpyzrAhN1zqakroA/uVXAQxA486fdXmAe04DLNkZ5nlEQ8D2KAhEU+MMQjFKKl9o0scgoelB4iEMyQ=="
  "resolved" "https://registry.npmjs.org/@ucloud-fe/mod/-/mod-1.2.1.tgz"
  "version" "1.2.1"
  dependencies:
    "@babel/runtime" "^7.10.2"
    "core-js" "^3.6.5"

"core-js@^3.6.5":
  "integrity" "sha512-KjbKU7UEfg4YPpskMtMXPhUKn7m/1OdTHTVjy09ScR2LVaoUXe8Jh0UdvN2EKUR6iKTJph52SJP95mAB0MnVLQ=="
  "resolved" "https://registry.npmjs.org/core-js/-/core-js-3.20.0.tgz"
  "version" "3.20.0"

"regenerator-runtime@^0.13.4":
  "integrity" "sha512-p3VT+cOEgxFsRRA9X4lkI1E+k2/CtnKtU4gcxyaCUreilL/vqI6CdZ3wxVUx3UOUg+gnUOQQcRI7BmSI656MYA=="
  "resolved" "https://registry.npmjs.org/regenerator-runtime/-/regenerator-runtime-0.13.9.tgz"
  "version" "0.13.9"
